
Microsoft Visual Studio Solution File, Format Version 12.00
# Visual Studio Version 16
VisualStudioVersion = 16.0.31112.23
MinimumVisualStudioVersion = 10.0.40219.1
Project("{2150E333-8FDC-42A3-9474-1A3956D46DE8}") = "Services", "Services", "{D1AD88C7-A296-40A0-9C44-2345B0FF3FD3}"
EndProject
Project("{2150E333-8FDC-42A3-9474-1A3956D46DE8}") = "WebApps", "WebApps", "{BD067B58-B650-44A6-BFB5-C835B8453A05}"
EndProject
Project("{2150E333-8FDC-42A3-9474-1A3956D46DE8}") = "Cadastros", "Cadastros", "{C72F50FC-5AF9-471E-98B8-5DF9C8AF02D9}"
EndProject
Project("{2150E333-8FDC-42A3-9474-1A3956D46DE8}") = "Catalogo", "Catalogo", "{02218057-0600-471E-AD82-77C3F401DC74}"
EndProject
Project("{2150E333-8FDC-42A3-9474-1A3956D46DE8}") = "Core", "Core", "{19B77A69-9782-4C34-9631-6E8F10432807}"
EndProject
Project("{2150E333-8FDC-42A3-9474-1A3956D46DE8}") = "Fiscal", "Fiscal", "{876E8F59-119C-456B-931D-2C9A7A5AA593}"
EndProject
Project("{2150E333-8FDC-42A3-9474-1A3956D46DE8}") = "Pagamentos", "Pagamentos", "{B4F490AA-19FD-4E5D-8584-85514BA5F97A}"
EndProject
Project("{2150E333-8FDC-42A3-9474-1A3956D46DE8}") = "Vendas", "Vendas", "{5530D5EB-8CB9-4EC6-81CA-63EB6A2FB8F7}"
EndProject
Project("{9A19103F-16F7-4668-BE54-9A1E7A4F7556}") = "NerdStore.Catalogo.Domain", "src\NerdStore.Catalogo.Domain\NerdStore.Catalogo.Domain.csproj", "{DE4D4532-5AC2-4457-BAB6-DC9E44FB1BFC}"
EndProject
Project("{9A19103F-16F7-4668-BE54-9A1E7A4F7556}") = "NerdStore.Core", "src\NerdStore.Core\NerdStore.Core.csproj", "{DEB6B2DD-74E0-457F-84CE-955D531E068C}"
EndProject
Project("{2150E333-8FDC-42A3-9474-1A3956D46DE8}") = "Tests", "Tests", "{3F67DAB4-3F8D-4361-835D-D9B001242010}"
EndProject
Project("{9A19103F-16F7-4668-BE54-9A1E7A4F7556}") = "NerdStore.Catalogo.Domain.Tests", "tests\NerdStore.Catalogo.Domain.Tests\NerdStore.Catalogo.Domain.Tests.csproj", "{A48C9A96-FF24-4EDC-9EAA-9E58EA0AB10A}"
EndProject
Project("{9A19103F-16F7-4668-BE54-9A1E7A4F7556}") = "NerdStore.Catalogo.Data", "src\NerdStore.Catalogo.Data\NerdStore.Catalogo.Data.csproj", "{17D79B12-5ECC-4AC8-A807-6B992A97B172}"
EndProject
Project("{9A19103F-16F7-4668-BE54-9A1E7A4F7556}") = "NerdStore.Catalogo.Application", "src\NerdStore.Catalogo.Application\NerdStore.Catalogo.Application.csproj", "{A8ED99A9-8ED1-448B-ADE6-8D8B006E1822}"
EndProject
Project("{9A19103F-16F7-4668-BE54-9A1E7A4F7556}") = "NerdStore.Web.App.MVC", "src\NerdStore.Web.App.MVC\NerdStore.Web.App.MVC.csproj", "{69348D89-B8AB-416F-8405-1A884F5A68E3}"
EndProject
Project("{9A19103F-16F7-4668-BE54-9A1E7A4F7556}") = "NerdStore.Vendas.Domain", "src\NerdStore.Vendas.Domain\NerdStore.Vendas.Domain.csproj", "{AEE1B99F-D465-4087-A974-118EACB79331}"
EndProject
Project("{9A19103F-16F7-4668-BE54-9A1E7A4F7556}") = "NerdStore.Vendas.Application", "src\NerdStore.Vendas.Application\NerdStore.Vendas.Application.csproj", "{5E22EFC0-C141-4921-AD45-7DE6FC2DA545}"
EndProject
Project("{9A19103F-16F7-4668-BE54-9A1E7A4F7556}") = "NerdStore.Vendas.Data", "src\NerdStore.Vendas.Data\NerdStore.Vendas.Data.csproj", "{EF192E6A-F26D-4FEB-8B32-74DF962DBDA9}"
EndProject
Project("{FAE04EC0-301F-11D3-BF4B-00C04F79EFBC}") = "NerdStore.Pagamentos.AntiCorruption", "src\NerdStore.Pagamentos.AntiCorruption\NerdStore.Pagamentos.AntiCorruption.csproj", "{A0AC57E0-764D-4867-92BC-32C1FDACC90A}"
EndProject
Project("{FAE04EC0-301F-11D3-BF4B-00C04F79EFBC}") = "NerdStore.Pagamentos.Data", "src\NerdStore.Pagamentos.Data\NerdStore.Pagamentos.Data.csproj", "{8C77C827-2699-43EE-B6E9-8E5338BB1FBD}"
EndProject
Project("{FAE04EC0-301F-11D3-BF4B-00C04F79EFBC}") = "NerdStore.Pagamentos.Business", "src\NerdStore.Pagamentos.Business\NerdStore.Pagamentos.Business.csproj", "{6F7E3BD7-D168-41B4-82D1-A6F42BD2D152}"
EndProject
Global
	GlobalSection(SolutionConfigurationPlatforms) = preSolution
		Debug|Any CPU = Debug|Any CPU
		Release|Any CPU = Release|Any CPU
	EndGlobalSection
	GlobalSection(ProjectConfigurationPlatforms) = postSolution
		{DE4D4532-5AC2-4457-BAB6-DC9E44FB1BFC}.Debug|Any CPU.ActiveCfg = Debug|Any CPU
		{DE4D4532-5AC2-4457-BAB6-DC9E44FB1BFC}.Debug|Any CPU.Build.0 = Debug|Any CPU
		{DE4D4532-5AC2-4457-BAB6-DC9E44FB1BFC}.Release|Any CPU.ActiveCfg = Release|Any CPU
		{DE4D4532-5AC2-4457-BAB6-DC9E44FB1BFC}.Release|Any CPU.Build.0 = Release|Any CPU
		{DEB6B2DD-74E0-457F-84CE-955D531E068C}.Debug|Any CPU.ActiveCfg = Debug|Any CPU
		{DEB6B2DD-74E0-457F-84CE-955D531E068C}.Debug|Any CPU.Build.0 = Debug|Any CPU
		{DEB6B2DD-74E0-457F-84CE-955D531E068C}.Release|Any CPU.ActiveCfg = Release|Any CPU
		{DEB6B2DD-74E0-457F-84CE-955D531E068C}.Release|Any CPU.Build.0 = Release|Any CPU
		{A48C9A96-FF24-4EDC-9EAA-9E58EA0AB10A}.Debug|Any CPU.ActiveCfg = Debug|Any CPU
		{A48C9A96-FF24-4EDC-9EAA-9E58EA0AB10A}.Debug|Any CPU.Build.0 = Debug|Any CPU
		{A48C9A96-FF24-4EDC-9EAA-9E58EA0AB10A}.Release|Any CPU.ActiveCfg = Release|Any CPU
		{A48C9A96-FF24-4EDC-9EAA-9E58EA0AB10A}.Release|Any CPU.Build.0 = Release|Any CPU
		{17D79B12-5ECC-4AC8-A807-6B992A97B172}.Debug|Any CPU.ActiveCfg = Debug|Any CPU
		{17D79B12-5ECC-4AC8-A807-6B992A97B172}.Debug|Any CPU.Build.0 = Debug|Any CPU
		{17D79B12-5ECC-4AC8-A807-6B992A97B172}.Release|Any CPU.ActiveCfg = Release|Any CPU
		{17D79B12-5ECC-4AC8-A807-6B992A97B172}.Release|Any CPU.Build.0 = Release|Any CPU
		{A8ED99A9-8ED1-448B-ADE6-8D8B006E1822}.Debug|Any CPU.ActiveCfg = Debug|Any CPU
		{A8ED99A9-8ED1-448B-ADE6-8D8B006E1822}.Debug|Any CPU.Build.0 = Debug|Any CPU
		{A8ED99A9-8ED1-448B-ADE6-8D8B006E1822}.Release|Any CPU.ActiveCfg = Release|Any CPU
		{A8ED99A9-8ED1-448B-ADE6-8D8B006E1822}.Release|Any CPU.Build.0 = Release|Any CPU
		{69348D89-B8AB-416F-8405-1A884F5A68E3}.Debug|Any CPU.ActiveCfg = Debug|Any CPU
		{69348D89-B8AB-416F-8405-1A884F5A68E3}.Debug|Any CPU.Build.0 = Debug|Any CPU
		{69348D89-B8AB-416F-8405-1A884F5A68E3}.Release|Any CPU.ActiveCfg = Release|Any CPU
		{69348D89-B8AB-416F-8405-1A884F5A68E3}.Release|Any CPU.Build.0 = Release|Any CPU
		{AEE1B99F-D465-4087-A974-118EACB79331}.Debug|Any CPU.ActiveCfg = Debug|Any CPU
		{AEE1B99F-D465-4087-A974-118EACB79331}.Debug|Any CPU.Build.0 = Debug|Any CPU
		{AEE1B99F-D465-4087-A974-118EACB79331}.Release|Any CPU.ActiveCfg = Release|Any CPU
		{AEE1B99F-D465-4087-A974-118EACB79331}.Release|Any CPU.Build.0 = Release|Any CPU
		{5E22EFC0-C141-4921-AD45-7DE6FC2DA545}.Debug|Any CPU.ActiveCfg = Debug|Any CPU
		{5E22EFC0-C141-4921-AD45-7DE6FC2DA545}.Debug|Any CPU.Build.0 = Debug|Any CPU
		{5E22EFC0-C141-4921-AD45-7DE6FC2DA545}.Release|Any CPU.ActiveCfg = Release|Any CPU
		{5E22EFC0-C141-4921-AD45-7DE6FC2DA545}.Release|Any CPU.Build.0 = Release|Any CPU
		{EF192E6A-F26D-4FEB-8B32-74DF962DBDA9}.Debug|Any CPU.ActiveCfg = Debug|Any CPU
		{EF192E6A-F26D-4FEB-8B32-74DF962DBDA9}.Debug|Any CPU.Build.0 = Debug|Any CPU
		{EF192E6A-F26D-4FEB-8B32-74DF962DBDA9}.Release|Any CPU.ActiveCfg = Release|Any CPU
		{EF192E6A-F26D-4FEB-8B32-74DF962DBDA9}.Release|Any CPU.Build.0 = Release|Any CPU
		{A0AC57E0-764D-4867-92BC-32C1FDACC90A}.Debug|Any CPU.ActiveCfg = Debug|Any CPU
		{A0AC57E0-764D-4867-92BC-32C1FDACC90A}.Debug|Any CPU.Build.0 = Debug|Any CPU
		{A0AC57E0-764D-4867-92BC-32C1FDACC90A}.Release|Any CPU.ActiveCfg = Release|Any CPU
		{A0AC57E0-764D-4867-92BC-32C1FDACC90A}.Release|Any CPU.Build.0 = Release|Any CPU
		{8C77C827-2699-43EE-B6E9-8E5338BB1FBD}.Debug|Any CPU.ActiveCfg = Debug|Any CPU
		{8C77C827-2699-43EE-B6E9-8E5338BB1FBD}.Debug|Any CPU.Build.0 = Debug|Any CPU
		{8C77C827-2699-43EE-B6E9-8E5338BB1FBD}.Release|Any CPU.ActiveCfg = Release|Any CPU
		{8C77C827-2699-43EE-B6E9-8E5338BB1FBD}.Release|Any CPU.Build.0 = Release|Any CPU
		{6F7E3BD7-D168-41B4-82D1-A6F42BD2D152}.Debug|Any CPU.ActiveCfg = Debug|Any CPU
		{6F7E3BD7-D168-41B4-82D1-A6F42BD2D152}.Debug|Any CPU.Build.0 = Debug|Any CPU
		{6F7E3BD7-D168-41B4-82D1-A6F42BD2D152}.Release|Any CPU.ActiveCfg = Release|Any CPU
		{6F7E3BD7-D168-41B4-82D1-A6F42BD2D152}.Release|Any CPU.Build.0 = Release|Any CPU
	EndGlobalSection
	GlobalSection(SolutionProperties) = preSolution
		HideSolutionNode = FALSE
	EndGlobalSection
	GlobalSection(NestedProjects) = preSolution
		{C72F50FC-5AF9-471E-98B8-5DF9C8AF02D9} = {D1AD88C7-A296-40A0-9C44-2345B0FF3FD3}
		{02218057-0600-471E-AD82-77C3F401DC74} = {D1AD88C7-A296-40A0-9C44-2345B0FF3FD3}
		{19B77A69-9782-4C34-9631-6E8F10432807} = {D1AD88C7-A296-40A0-9C44-2345B0FF3FD3}
		{876E8F59-119C-456B-931D-2C9A7A5AA593} = {D1AD88C7-A296-40A0-9C44-2345B0FF3FD3}
		{B4F490AA-19FD-4E5D-8584-85514BA5F97A} = {D1AD88C7-A296-40A0-9C44-2345B0FF3FD3}
		{5530D5EB-8CB9-4EC6-81CA-63EB6A2FB8F7} = {D1AD88C7-A296-40A0-9C44-2345B0FF3FD3}
		{DE4D4532-5AC2-4457-BAB6-DC9E44FB1BFC} = {02218057-0600-471E-AD82-77C3F401DC74}
		{DEB6B2DD-74E0-457F-84CE-955D531E068C} = {19B77A69-9782-4C34-9631-6E8F10432807}
		{3F67DAB4-3F8D-4361-835D-D9B001242010} = {02218057-0600-471E-AD82-77C3F401DC74}
		{A48C9A96-FF24-4EDC-9EAA-9E58EA0AB10A} = {3F67DAB4-3F8D-4361-835D-D9B001242010}
		{17D79B12-5ECC-4AC8-A807-6B992A97B172} = {02218057-0600-471E-AD82-77C3F401DC74}
		{A8ED99A9-8ED1-448B-ADE6-8D8B006E1822} = {02218057-0600-471E-AD82-77C3F401DC74}
		{69348D89-B8AB-416F-8405-1A884F5A68E3} = {BD067B58-B650-44A6-BFB5-C835B8453A05}
		{AEE1B99F-D465-4087-A974-118EACB79331} = {5530D5EB-8CB9-4EC6-81CA-63EB6A2FB8F7}
		{5E22EFC0-C141-4921-AD45-7DE6FC2DA545} = {5530D5EB-8CB9-4EC6-81CA-63EB6A2FB8F7}
		{EF192E6A-F26D-4FEB-8B32-74DF962DBDA9} = {5530D5EB-8CB9-4EC6-81CA-63EB6A2FB8F7}
		{A0AC57E0-764D-4867-92BC-32C1FDACC90A} = {B4F490AA-19FD-4E5D-8584-85514BA5F97A}
		{8C77C827-2699-43EE-B6E9-8E5338BB1FBD} = {B4F490AA-19FD-4E5D-8584-85514BA5F97A}
		{6F7E3BD7-D168-41B4-82D1-A6F42BD2D152} = {B4F490AA-19FD-4E5D-8584-85514BA5F97A}
	EndGlobalSection
	GlobalSection(ExtensibilityGlobals) = postSolution
		SolutionGuid = {37E56855-9851-44E0-A341-10068EF29C3B}
	EndGlobalSection
EndGlobal
